# This file is generated by running "yarn install" inside your project.
# Manual changes might be lost - proceed with caution!

__metadata:
  version: 6
  cacheKey: 8

"@emnapi/core@npm:^1.11.1":
  version: 1.11.3
  resolution: "@emnapi/core@npm:1.11.3"
  dependencies:
    "@emnapi/wasi-threads": 1.2.3
    tslib: ^2.4.0
  checksum: 2c1df28b4dd441ec5abeeee9787a088a104de5508edf147c38bbf7c6408d89ccfdfcdb014d9e40e7be5328d8832331b0fdbdba200bdf51c2e26436e731b5261c
  languageName: node
  linkType: hard

"@emnapi/runtime@npm:^1.11.1":
  version: 1.11.3
  resolution: "@emnapi/runtime@npm:1.11.3"
  dependencies:
    tslib: ^2.4.0
  checksum: 844b828dee5318f3645d7eb673e59e527e552483d8caa42afe420753363c6ff2599718100a456483d589dff4f1f3cf1c66010d80b11154c899ebf68fd40fc359
  languageName: node
  linkType: hard

"@emnapi/wasi-threads@npm:1.2.3, @emnapi/wasi-threads@npm:^1.2.2":
  version: 1.2.3
  resolution: "@emnapi/wasi-threads@npm:1.2.3"
  dependencies:
    tslib: ^2.4.0
  checksum: 764a16312b0b63a274be96538662d2cb13c33a91b2357e198f5ce6cbae00742e21fbe067f650084e3e360858db12270ee9f2426fc96e9f3b25b9407c746db2cd
  languageName: node
  linkType: hard

"@isaacs/fs-minipass@npm:^4.0.0":
  version: 4.0.1
  resolution: "@isaacs/fs-minipass@npm:4.0.1"
  dependencies:
    minipass: ^7.0.4
  checksum: 5d36d289960e886484362d9eb6a51d1ea28baed5f5d0140bbe62b99bac52eaf06cc01c2bc0d3575977962f84f6b2c4387b043ee632216643d4787b0999465bf2
  languageName: node
  linkType: hard

"@jridgewell/gen-mapping@npm:^0.3.5":
  version: 0.3.13
  resolution: "@jridgewell/gen-mapping@npm:0.3.13"
  dependencies:
    "@jridgewell/sourcemap-codec": ^1.5.0
    "@jridgewell/trace-mapping": ^0.3.24
  checksum: f2105acefc433337145caa3c84bba286de954f61c0bc46279bbd85a9e6a02871089717fa060413cfb6a9d44189fe8313b2d1cabf3a2eb3284d208fd5f75c54ff
  languageName: node
  linkType: hard

"@jridgewell/remapping@npm:^2.3.5":
  version: 2.3.5
  resolution: "@jridgewell/remapping@npm:2.3.5"
  dependencies:
    "@jridgewell/gen-mapping": ^0.3.5
    "@jridgewell/trace-mapping": ^0.3.24
  checksum: 4a66a7397c3dc9c6b5c14a0024b1f98c5e1d90a0dbc1e5955b5038f2db339904df2a0ee8a66559fafb4fc23ff33700a2639fd40bbdd2e9e82b58b3bdf83738e3
  languageName: node
  linkType: hard

"@jridgewell/resolve-uri@npm:^3.1.0":
  version: 3.1.2
  resolution: "@jridgewell/resolve-uri@npm:3.1.2"
  checksum: 83b85f72c59d1c080b4cbec0fef84528963a1b5db34e4370fa4bd1e3ff64a0d80e0cee7369d11d73c704e0286fb2865b530acac7a871088fbe92b5edf1000870
  languageName: node
  linkType: hard

"@jridgewell/sourcemap-codec@npm:^1.4.14, @jridgewell/sourcemap-codec@npm:^1.5.0, @jridgewell/sourcemap-codec@npm:^1.5.5":
  version: 1.6.0
  resolution: "@jridgewell/sourcemap-codec@npm:1.6.0"
  checksum: d49b0547385f352ae1955d47cc4c7bb3595000df69469b7382da05bda3277cb0b80ccf776b402306ffcd16424c194e117ca24a3d6ac7d3e796a2361c9a264608
  languageName: node
  linkType: hard

"@jridgewell/trace-mapping@npm:^0.3.24":
  version: 0.3.31
  resolution: "@jridgewell/trace-mapping@npm:0.3.31"
  dependencies:
    "@jridgewell/resolve-uri": ^3.1.0
    "@jridgewell/sourcemap-codec": ^1.4.14
  checksum: af8fda2431348ad507fbddf8e25f5d08c79ecc94594061ce402cf41bc5aba1a7b3e59bf0fd70a619b35f33983a3f488ceeba8faf56bff784f98bb5394a8b7d47
  languageName: node
  linkType: hard

"@napi-rs/wasm-runtime@npm:^1.1.4":
  version: 1.2.3
  resolution: "@napi-rs/wasm-runtime@npm:1.2.3"
  dependencies:
    "@tybys/wasm-util": ^0.10.3
  peerDependencies:
    "@emnapi/core": ^1.7.1 || ^2.0.0-alpha.4
    "@emnapi/runtime": ^1.7.1 || ^2.0.0-alpha.4
  checksum: db23cc9870780fa61399613503ea093b51c66e3164075fd473caefd73112d25096f147715861f5dc70ba268424a65593d7992e263fa69df9b53b4934144f93b8
  languageName: node
  linkType: hard

"@oxc-project/types@npm:=0.147.0":
  version: 0.147.0
  resolution: "@oxc-project/types@npm:0.147.0"
  checksum: 6c317554a1c328f19884aaf030dc89576790ed9ab4acc134de0e1c280deeb60d2c8d26ecebc8b731ed15d5bc4b24ad0c9c52eaa1df049cc3025187cbe5d9ec0c
  languageName: node
  linkType: hard

"@oxlint/binding-android-arm-eabi@npm:1.80.0":
  version: 1.80.0
  resolution: "@oxlint/binding-android-arm-eabi@npm:1.80.0"
  conditions: os=android & cpu=arm
  languageName: node
  linkType: hard

"@oxlint/binding-android-arm64@npm:1.80.0":
  version: 1.80.0
  resolution: "@oxlint/binding-android-arm64@npm:1.80.0"
  conditions: os=android & cpu=arm64
  languageName: node
  linkType: hard

"@oxlint/binding-darwin-arm64@npm:1.80.0":
  version: 1.80.0
  resolution: "@oxlint/binding-darwin-arm64@npm:1.80.0"
  conditions: os=darwin & cpu=arm64
  languageName: node
  linkType: hard

"@oxlint/binding-darwin-x64@npm:1.80.0":
  version: 1.80.0
  resolution: "@oxlint/binding-darwin-x64@npm:1.80.0"
  conditions: os=darwin & cpu=x64
  languageName: node
  linkType: hard

"@oxlint/binding-freebsd-x64@npm:1.80.0":
  version: 1.80.0
  resolution: "@oxlint/binding-freebsd-x64@npm:1.80.0"
  conditions: os=freebsd & cpu=x64
  languageName: node
  linkType: hard

"@oxlint/binding-linux-arm-gnueabihf@npm:1.80.0":
  version: 1.80.0
  resolution: "@oxlint/binding-linux-arm-gnueabihf@npm:1.80.0"
  conditions: os=linux & cpu=arm
  languageName: node
  linkType: hard

"@oxlint/binding-linux-arm-musleabihf@npm:1.80.0":
  version: 1.80.0
  resolution: "@oxlint/binding-linux-arm-musleabihf@npm:1.80.0"
  conditions: os=linux & cpu=arm
  languageName: node
  linkType: hard

"@oxlint/binding-linux-arm64-gnu@npm:1.80.0":
  version: 1.80.0
  resolution: "@oxlint/binding-linux-arm64-gnu@npm:1.80.0"
  conditions: os=linux & cpu=arm64 & libc=glibc
  languageName: node
  linkType: hard

"@oxlint/binding-linux-arm64-musl@npm:1.80.0":
  version: 1.80.0
  resolution: "@oxlint/binding-linux-arm64-musl@npm:1.80.0"
  conditions: os=linux & cpu=arm64 & libc=musl
  languageName: node
  linkType: hard

"@oxlint/binding-linux-ppc64-gnu@npm:1.80.0":
  version: 1.80.0
  resolution: "@oxlint/binding-linux-ppc64-gnu@npm:1.80.0"
  conditions: os=linux & cpu=ppc64 & libc=glibc
  languageName: node
  linkType: hard

"@oxlint/binding-linux-riscv64-gnu@npm:1.80.0":
  version: 1.80.0
  resolution: "@oxlint/binding-linux-riscv64-gnu@npm:1.80.0"
  conditions: os=linux & cpu=riscv64 & libc=glibc
  languageName: node
  linkType: hard

"@oxlint/binding-linux-riscv64-musl@npm:1.80.0":
  version: 1.80.0
  resolution: "@oxlint/binding-linux-riscv64-musl@npm:1.80.0"
  conditions: os=linux & cpu=riscv64 & libc=musl
  languageName: node
  linkType: hard

"@oxlint/binding-linux-s390x-gnu@npm:1.80.0":
  version: 1.80.0
  resolution: "@oxlint/binding-linux-s390x-gnu@npm:1.80.0"
  conditions: os=linux & cpu=s390x & libc=glibc
  languageName: node
  linkType: hard

"@oxlint/binding-linux-x64-gnu@npm:1.80.0":
  version: 1.80.0
  resolution: "@oxlint/binding-linux-x64-gnu@npm:1.80.0"
  conditions: os=linux & cpu=x64 & libc=glibc
  languageName: node
  linkType: hard

"@oxlint/binding-linux-x64-musl@npm:1.80.0":
  version: 1.80.0
  resolution: "@oxlint/binding-linux-x64-musl@npm:1.80.0"
  conditions: os=linux & cpu=x64 & libc=musl
  languageName: node
  linkType: hard

"@oxlint/binding-openharmony-arm64@npm:1.80.0":
  version: 1.80.0
  resolution: "@oxlint/binding-openharmony-arm64@npm:1.80.0"
  conditions: os=openharmony & cpu=arm64
  languageName: node
  linkType: hard

"@oxlint/binding-win32-arm64-msvc@npm:1.80.0":
  version: 1.80.0
  resolution: "@oxlint/binding-win32-arm64-msvc@npm:1.80.0"
  conditions: os=win32 & cpu=arm64
  languageName: node
  linkType: hard

"@oxlint/binding-win32-ia32-msvc@npm:1.80.0":
  version: 1.80.0
  resolution: "@oxlint/binding-win32-ia32-msvc@npm:1.80.0"
  conditions: os=win32 & cpu=ia32
  languageName: node
  linkType: hard

"@oxlint/binding-win32-x64-msvc@npm:1.80.0":
  version: 1.80.0
  resolution: "@oxlint/binding-win32-x64-msvc@npm:1.80.0"
  conditions: os=win32 & cpu=x64
  languageName: node
  linkType: hard

"@rolldown/binding-android-arm-eabi@npm:1.2.6":
  version: 1.2.6
  resolution: "@rolldown/binding-android-arm-eabi@npm:1.2.6"
  conditions: os=android & cpu=arm
  languageName: node
  linkType: hard

"@rolldown/binding-android-arm64@npm:1.2.6":
  version: 1.2.6
  resolution: "@rolldown/binding-android-arm64@npm:1.2.6"
  conditions: os=android & cpu=arm64
  languageName: node
  linkType: hard

"@rolldown/binding-darwin-arm64@npm:1.2.6":
  version: 1.2.6
  resolution: "@rolldown/binding-darwin-arm64@npm:1.2.6"
  conditions: os=darwin & cpu=arm64
  languageName: node
  linkType: hard

"@rolldown/binding-darwin-x64@npm:1.2.6":
  version: 1.2.6
  resolution: "@rolldown/binding-darwin-x64@npm:1.2.6"
  conditions: os=darwin & cpu=x64
  languageName: node
  linkType: hard

"@rolldown/binding-freebsd-x64@npm:1.2.6":
  version: 1.2.6
  resolution: "@rolldown/binding-freebsd-x64@npm:1.2.6"
  conditions: os=freebsd & cpu=x64
  languageName: node
  linkType: hard

"@rolldown/binding-linux-arm-gnueabihf@npm:1.2.6":
  version: 1.2.6
  resolution: "@rolldown/binding-linux-arm-gnueabihf@npm:1.2.6"
  conditions: os=linux & cpu=arm
  languageName: node
  linkType: hard

"@rolldown/binding-linux-arm64-gnu@npm:1.2.6":
  version: 1.2.6
  resolution: "@rolldown/binding-linux-arm64-gnu@npm:1.2.6"
  conditions: os=linux & cpu=arm64 & libc=glibc
  languageName: node
  linkType: hard

"@rolldown/binding-linux-arm64-musl@npm:1.2.6":
  version: 1.2.6
  resolution: "@rolldown/binding-linux-arm64-musl@npm:1.2.6"
  conditions: os=linux & cpu=arm64 & libc=musl
  languageName: node
  linkType: hard

"@rolldown/binding-linux-ppc64-gnu@npm:1.2.6":
  version: 1.2.6
  resolution: "@rolldown/binding-linux-ppc64-gnu@npm:1.2.6"
  conditions: os=linux & cpu=ppc64 & libc=glibc
  languageName: node
  linkType: hard

"@rolldown/binding-linux-s390x-gnu@npm:1.2.6":
  version: 1.2.6
  resolution: "@rolldown/binding-linux-s390x-gnu@npm:1.2.6"
  conditions: os=linux & cpu=s390x & libc=glibc
  languageName: node
  linkType: hard

"@rolldown/binding-linux-x64-gnu@npm:1.2.6":
  version: 1.2.6
  resolution: "@rolldown/binding-linux-x64-gnu@npm:1.2.6"
  conditions: os=linux & cpu=x64 & libc=glibc
  languageName: node
  linkType: hard

"@rolldown/binding-linux-x64-musl@npm:1.2.6":
  version: 1.2.6
  resolution: "@rolldown/binding-linux-x64-musl@npm:1.2.6"
  conditions: os=linux & cpu=x64 & libc=musl
  languageName: node
  linkType: hard

"@rolldown/binding-openharmony-arm64@npm:1.2.6":
  version: 1.2.6
  resolution: "@rolldown/binding-openharmony-arm64@npm:1.2.6"
  conditions: os=openharmony & cpu=arm64
  languageName: node
  linkType: hard

"@rolldown/binding-win32-arm64-msvc@npm:1.2.6":
  version: 1.2.6
  resolution: "@rolldown/binding-win32-arm64-msvc@npm:1.2.6"
  conditions: os=win32 & cpu=arm64
  languageName: node
  linkType: hard

"@rolldown/binding-win32-x64-msvc@npm:1.2.6":
  version: 1.2.6
  resolution: "@rolldown/binding-win32-x64-msvc@npm:1.2.6"
  conditions: os=win32 & cpu=x64
  languageName: node
  linkType: hard

"@rolldown/pluginutils@npm:^1.0.0, @rolldown/pluginutils@npm:^1.0.1":
  version: 1.0.1
  resolution: "@rolldown/pluginutils@npm:1.0.1"
  checksum: 240365ad4301aa209ae0efeded39d1e8ef8df07927fe1e57c9ffc60ac46a8e8b824752f6b27a4aae071e8b43ee288455e9db5055838a1e057244dab55f7c529a
  languageName: node
  linkType: hard

"@tailwindcss/node@npm:4.3.3":
  version: 4.3.3
  resolution: "@tailwindcss/node@npm:4.3.3"
  dependencies:
    "@jridgewell/remapping": ^2.3.5
    enhanced-resolve: ^5.24.1
    jiti: ^2.7.0
    lightningcss: 1.32.0
    magic-string: ^0.30.21
    source-map-js: ^1.2.1
    tailwindcss: 4.3.3
  checksum: fe10ab88574d14e2369d6c37c4e4a04d634628a4e508c70f44e663537a1f95b21bbd7f995ad1a700914274a6d7c0e09ee6bf446a604919980051106b4f759943
  languageName: node
  linkType: hard

"@tailwindcss/oxide-android-arm64@npm:4.3.3":
  version: 4.3.3
  resolution: "@tailwindcss/oxide-android-arm64@npm:4.3.3"
  conditions: os=android & cpu=arm64
  languageName: node
  linkType: hard

"@tailwindcss/oxide-darwin-arm64@npm:4.3.3":
  version: 4.3.3
  resolution: "@tailwindcss/oxide-darwin-arm64@npm:4.3.3"
  conditions: os=darwin & cpu=arm64
  languageName: node
  linkType: hard

"@tailwindcss/oxide-darwin-x64@npm:4.3.3":
  version: 4.3.3
  resolution: "@tailwindcss/oxide-darwin-x64@npm:4.3.3"
  conditions: os=darwin & cpu=x64
  languageName: node
  linkType: hard

"@tailwindcss/oxide-freebsd-x64@npm:4.3.3":
  version: 4.3.3
  resolution: "@tailwindcss/oxide-freebsd-x64@npm:4.3.3"
  conditions: os=freebsd & cpu=x64
  languageName: node
  linkType: hard

"@tailwindcss/oxide-linux-arm-gnueabihf@npm:4.3.3":
  version: 4.3.3
  resolution: "@tailwindcss/oxide-linux-arm-gnueabihf@npm:4.3.3"
  conditions: os=linux & cpu=arm
  languageName: node
  linkType: hard

"@tailwindcss/oxide-linux-arm64-gnu@npm:4.3.3":
  version: 4.3.3
  resolution: "@tailwindcss/oxide-linux-arm64-gnu@npm:4.3.3"
  conditions: os=linux & cpu=arm64 & libc=glibc
  languageName: node
  linkType: hard

"@tailwindcss/oxide-linux-arm64-musl@npm:4.3.3":
  version: 4.3.3
  resolution: "@tailwindcss/oxide-linux-arm64-musl@npm:4.3.3"
  conditions: os=linux & cpu=arm64 & libc=musl
  languageName: node
  linkType: hard

"@tailwindcss/oxide-linux-x64-gnu@npm:4.3.3":
  version: 4.3.3
  resolution: "@tailwindcss/oxide-linux-x64-gnu@npm:4.3.3"
  conditions: os=linux & cpu=x64 & libc=glibc
  languageName: node
  linkType: hard

"@tailwindcss/oxide-linux-x64-musl@npm:4.3.3":
  version: 4.3.3
  resolution: "@tailwindcss/oxide-linux-x64-musl@npm:4.3.3"
  conditions: os=linux & cpu=x64 & libc=musl
  languageName: node
  linkType: hard

"@tailwindcss/oxide-wasm32-wasi@npm:4.3.3":
  version: 4.3.3
  resolution: "@tailwindcss/oxide-wasm32-wasi@npm:4.3.3"
  dependencies:
    "@emnapi/core": ^1.11.1
    "@emnapi/runtime": ^1.11.1
    "@emnapi/wasi-threads": ^1.2.2
    "@napi-rs/wasm-runtime": ^1.1.4
    "@tybys/wasm-util": ^0.10.2
    tslib: ^2.8.1
  conditions: cpu=wasm32
  languageName: node
  linkType: hard

"@tailwindcss/oxide-win32-arm64-msvc@npm:4.3.3":
  version: 4.3.3
  resolution: "@tailwindcss/oxide-win32-arm64-msvc@npm:4.3.3"
  conditions: os=win32 & cpu=arm64
  languageName: node
  linkType: hard

"@tailwindcss/oxide-win32-x64-msvc@npm:4.3.3":
  version: 4.3.3
  resolution: "@tailwindcss/oxide-win32-x64-msvc@npm:4.3.3"
  conditions: os=win32 & cpu=x64
  languageName: node
  linkType: hard

"@tailwindcss/oxide@npm:4.3.3":
  version: 4.3.3
  resolution: "@tailwindcss/oxide@npm:4.3.3"
  dependencies:
    "@tailwindcss/oxide-android-arm64": 4.3.3
    "@tailwindcss/oxide-darwin-arm64": 4.3.3
    "@tailwindcss/oxide-darwin-x64": 4.3.3
    "@tailwindcss/oxide-freebsd-x64": 4.3.3
    "@tailwindcss/oxide-linux-arm-gnueabihf": 4.3.3
    "@tailwindcss/oxide-linux-arm64-gnu": 4.3.3
    "@tailwindcss/oxide-linux-arm64-musl": 4.3.3
    "@tailwindcss/oxide-linux-x64-gnu": 4.3.3
    "@tailwindcss/oxide-linux-x64-musl": 4.3.3
    "@tailwindcss/oxide-wasm32-wasi": 4.3.3
    "@tailwindcss/oxide-win32-arm64-msvc": 4.3.3
    "@tailwindcss/oxide-win32-x64-msvc": 4.3.3
  dependenciesMeta:
    "@tailwindcss/oxide-android-arm64":
      optional: true
    "@tailwindcss/oxide-darwin-arm64":
      optional: true
    "@tailwindcss/oxide-darwin-x64":
      optional: true
    "@tailwindcss/oxide-freebsd-x64":
      optional: true
    "@tailwindcss/oxide-linux-arm-gnueabihf":
      optional: true
    "@tailwindcss/oxide-linux-arm64-gnu":
      optional: true
    "@tailwindcss/oxide-linux-arm64-musl":
      optional: true
    "@tailwindcss/oxide-linux-x64-gnu":
      optional: true
    "@tailwindcss/oxide-linux-x64-musl":
      optional: true
    "@tailwindcss/oxide-wasm32-wasi":
      optional: true
    "@tailwindcss/oxide-win32-arm64-msvc":
      optional: true
    "@tailwindcss/oxide-win32-x64-msvc":
      optional: true
  checksum: 256cc2695995dd751865e7bf6fd0bbe6968ed2f8eefac719fe7afc529741ead9ba13fb7f7d58ecbece8b13d4f57911809217eee231d8c5e6a1850c1bf003bdcd
  languageName: node
  linkType: hard

"@tailwindcss/vite@npm:^4.3.3":
  version: 4.3.3
  resolution: "@tailwindcss/vite@npm:4.3.3"
  dependencies:
    "@tailwindcss/node": 4.3.3
    "@tailwindcss/oxide": 4.3.3
    tailwindcss: 4.3.3
  peerDependencies:
    vite: ^5.2.0 || ^6 || ^7 || ^8
  checksum: 23bca02c48f923bfc8ba702b4d666c7deec65007c213b15004b1dfbaf9fb71dd3ef0e39317332bd8d241bfe5d22192f47e8dbdce8108091b3fee605fc128c780
  languageName: node
  linkType: hard

"@tybys/wasm-util@npm:^0.10.2, @tybys/wasm-util@npm:^0.10.3":
  version: 0.10.3
  resolution: "@tybys/wasm-util@npm:0.10.3"
  dependencies:
    tslib: ^2.4.0
  checksum: 865f76e01c5834550e634690fa85b21a89cac90d9ef65354e9f7b022582d85f394bf4b8b7710c987dac2b66bb3de37f1d79e28605c3e09b3384ae09a864b5ab6
  languageName: node
  linkType: hard

"@types/node@npm:^24.13.3":
  version: 24.13.3
  resolution: "@types/node@npm:24.13.3"
  dependencies:
    undici-types: ~7.18.0
  checksum: e3f2142e02dd7b44885bf16d5438e7d510c5917a272011ac594665fe38f453dea810cb4c8cd989d6cbaf769d46dbaf017eee4bdbf4246737f2b6c6774e093332
  languageName: node
  linkType: hard

"@types/react-dom@npm:^19.2.4":
  version: 19.2.5
  resolution: "@types/react-dom@npm:19.2.5"
  peerDependencies:
    "@types/react": ^19.2.0
  checksum: edb1a1c002b205f726932d485b55f56964b0b918986b71bad5c2a2018663152bcffcd33b59b447a3d22d668b3cb570de0189c48ee16ff0386d4bf324a3ba3d04
  languageName: node
  linkType: hard

"@types/react@npm:^19.2.18":
  version: 19.2.18
  resolution: "@types/react@npm:19.2.18"
  dependencies:
    csstype: ^3.2.2
  checksum: 01e42509fd2dbe05652bbe50f69883c79f6c5b24e5f306307e1f95eaf7eddf1cdd2646a1e056c6088d2c4403d5e2ab72226e31001c6564630529901514872fb1
  languageName: node
  linkType: hard

"@vitejs/plugin-react@npm:^6.1.0":
  version: 6.1.1
  resolution: "@vitejs/plugin-react@npm:6.1.1"
  dependencies:
    "@rolldown/pluginutils": ^1.0.1
  peerDependencies:
    "@rolldown/plugin-babel": ^0.1.7 || ^0.2.0
    babel-plugin-react-compiler: ^1.0.0
    oxc-transform-react: ^0.145.0
    vite: ^8.0.0
  peerDependenciesMeta:
    "@rolldown/plugin-babel":
      optional: true
    babel-plugin-react-compiler:
      optional: true
    oxc-transform-react:
      optional: true
  checksum: f74bc482bc22543c7358e6d8e7ae9148c852df440d0ebfee18a942e1520c2b53867d05dc3daa35441c8d1fcd3f8d6e709f088e0a37ea5b7b9a9d9a8af9e8f53e
  languageName: node
  linkType: hard

"abbrev@npm:^5.0.0":
  version: 5.0.0
  resolution: "abbrev@npm:5.0.0"
  checksum: 40526a57545197f1ee0a5cb369508acbd33dbb8a19967850d6d60d9bb392d4034fc56d2572ad863b6a8da810f32eb5553cd05d5af265ea829e168697d9963cde
  languageName: node
  linkType: hard

"chownr@npm:^3.0.0":
  version: 3.0.0
  resolution: "chownr@npm:3.0.0"
  checksum: fd73a4bab48b79e66903fe1cafbdc208956f41ea4f856df883d0c7277b7ab29fd33ee65f93b2ec9192fc0169238f2f8307b7735d27c155821d886b84aa97aa8d
  languageName: node
  linkType: hard

"csstype@npm:^3.2.2":
  version: 3.2.3
  resolution: "csstype@npm:3.2.3"
  checksum: cb882521b3398958a1ce6ca98c011aec0bde1c77ecaf8a1dd4db3b112a189939beae3b1308243b2fe50fc27eb3edeb0f73a5a4d91d928765dc6d5ecc7bda92ee
  languageName: node
  linkType: hard

"detect-libc@npm:^2.0.3":
  version: 2.1.2
  resolution: "detect-libc@npm:2.1.2"
  checksum: 471740d52365084c4b2ae359e507b863f2b1d79b08a92835ebdf701918e08fc9cfba175b3db28483ca33b155e1311a91d69dc42c6d192b476f41a9e1f094ce6a
  languageName: node
  linkType: hard

"enhanced-resolve@npm:^5.24.1":
  version: 5.24.5
  resolution: "enhanced-resolve@npm:5.24.5"
  dependencies:
    graceful-fs: ^4.2.4
    tapable: ^2.3.3
  checksum: dc2da64244f529335c603870ca485281f92cd92c4579b1baf613d5f86cfc71f901ea3c29066e242c115340be8164e9d9c917bd05720b3be8bed649745004dc24
  languageName: node
  linkType: hard

"env-paths@npm:^2.2.0":
  version: 2.2.1
  resolution: "env-paths@npm:2.2.1"
  checksum: 65b5df55a8bab92229ab2b40dad3b387fad24613263d103a97f91c9fe43ceb21965cd3392b1ccb5d77088021e525c4e0481adb309625d0cb94ade1d1fb8dc17e
  languageName: node
  linkType: hard

"exponential-backoff@npm:^3.1.1":
  version: 3.1.3
  resolution: "exponential-backoff@npm:3.1.3"
  checksum: 471fdb70fd3d2c08a74a026973bdd4105b7832911f610ca67bbb74e39279411c1eed2f2a110c9d41c2edd89459ba58fdaba1c174beed73e7a42d773882dcff82
  languageName: node
  linkType: hard

"fdir@npm:^6.5.0":
  version: 6.5.0
  resolution: "fdir@npm:6.5.0"
  peerDependencies:
    picomatch: ^3 || ^4
  peerDependenciesMeta:
    picomatch:
      optional: true
  checksum: bd537daa9d3cd53887eed35efa0eab2dbb1ca408790e10e024120e7a36c6e9ae2b33710cb8381e35def01bc9c1d7eaba746f886338413e68ff6ebaee07b9a6e8
  languageName: node
  linkType: hard

"fsevents@npm:~2.3.3":
  version: 2.3.3
  resolution: "fsevents@npm:2.3.3"
  dependencies:
    node-gyp: latest
  checksum: 11e6ea6fea15e42461fc55b4b0e4a0a3c654faa567f1877dbd353f39156f69def97a69936d1746619d656c4b93de2238bf731f6085a03a50cabf287c9d024317
  conditions: os=darwin
  languageName: node
  linkType: hard

"fsevents@patch:fsevents@~2.3.3#~builtin<compat/fsevents>":
  version: 2.3.3
  resolution: "fsevents@patch:fsevents@npm%3A2.3.3#~builtin<compat/fsevents>::version=2.3.3&hash=df0bf1"
  dependencies:
    node-gyp: latest
  conditions: os=darwin
  languageName: node
  linkType: hard

"graceful-fs@npm:^4.2.4, graceful-fs@npm:^4.2.6":
  version: 4.2.11
  resolution: "graceful-fs@npm:4.2.11"
  checksum: ac85f94da92d8eb6b7f5a8b20ce65e43d66761c55ce85ac96df6865308390da45a8d3f0296dd3a663de65d30ba497bd46c696cc1e248c72b13d6d567138a4fc7
  languageName: node
  linkType: hard

"isexe@npm:^4.0.0":
  version: 4.0.0
  resolution: "isexe@npm:4.0.0"
  checksum: 2ead327ef596042ef9c9ec5f236b316acfaedb87f4bb61b3c3d574fb2e9c8a04b67305e04733bde52c24d9622fdebd3270aadb632adfbf9cadef88fe30f479e5
  languageName: node
  linkType: hard

"jiti@npm:^2.7.0":
  version: 2.7.0
  resolution: "jiti@npm:2.7.0"
  bin:
    jiti: lib/jiti-cli.mjs
  checksum: e43d0859988f1f709a9a6c69833219ebdfe041fd2f7355a2a2151254c0c42b5a74de400f24d6b5d3d6689112fedae8be1ed4df29fcc1b891e8aa0992d33f3b16
  languageName: node
  linkType: hard

"lightningcss-android-arm64@npm:1.32.0":
  version: 1.32.0
  resolution: "lightningcss-android-arm64@npm:1.32.0"
  conditions: os=android & cpu=arm64
  languageName: node
  linkType: hard

"lightningcss-android-arm64@npm:1.33.0":
  version: 1.33.0
  resolution: "lightningcss-android-arm64@npm:1.33.0"
  conditions: os=android & cpu=arm64
  languageName: node
  linkType: hard

"lightningcss-darwin-arm64@npm:1.32.0":
  version: 1.32.0
  resolution: "lightningcss-darwin-arm64@npm:1.32.0"
  conditions: os=darwin & cpu=arm64
  languageName: node
  linkType: hard

"lightningcss-darwin-arm64@npm:1.33.0":
  version: 1.33.0
  resolution: "lightningcss-darwin-arm64@npm:1.33.0"
  conditions: os=darwin & cpu=arm64
  languageName: node
  linkType: hard

"lightningcss-darwin-x64@npm:1.32.0":
  version: 1.32.0
  resolution: "lightningcss-darwin-x64@npm:1.32.0"
  conditions: os=darwin & cpu=x64
  languageName: node
  linkType: hard

"lightningcss-darwin-x64@npm:1.33.0":
  version: 1.33.0
  resolution: "lightningcss-darwin-x64@npm:1.33.0"
  conditions: os=darwin & cpu=x64
  languageName: node
  linkType: hard

"lightningcss-freebsd-x64@npm:1.32.0":
  version: 1.32.0
  resolution: "lightningcss-freebsd-x64@npm:1.32.0"
  conditions: os=freebsd & cpu=x64
  languageName: node
  linkType: hard

"lightningcss-freebsd-x64@npm:1.33.0":
  version: 1.33.0
  resolution: "lightningcss-freebsd-x64@npm:1.33.0"
  conditions: os=freebsd & cpu=x64
  languageName: node
  linkType: hard

"lightningcss-linux-arm-gnueabihf@npm:1.32.0":
  version: 1.32.0
  resolution: "lightningcss-linux-arm-gnueabihf@npm:1.32.0"
  conditions: os=linux & cpu=arm
  languageName: node
  linkType: hard

"lightningcss-linux-arm-gnueabihf@npm:1.33.0":
  version: 1.33.0
  resolution: "lightningcss-linux-arm-gnueabihf@npm:1.33.0"
  conditions: os=linux & cpu=arm
  languageName: node
  linkType: hard

"lightningcss-linux-arm64-gnu@npm:1.32.0":
  version: 1.32.0
  resolution: "lightningcss-linux-arm64-gnu@npm:1.32.0"
  conditions: os=linux & cpu=arm64 & libc=glibc
  languageName: node
  linkType: hard

"lightningcss-linux-arm64-gnu@npm:1.33.0":
  version: 1.33.0
  resolution: "lightningcss-linux-arm64-gnu@npm:1.33.0"
  conditions: os=linux & cpu=arm64 & libc=glibc
  languageName: node
  linkType: hard

"lightningcss-linux-arm64-musl@npm:1.32.0":
  version: 1.32.0
  resolution: "lightningcss-linux-arm64-musl@npm:1.32.0"
  conditions: os=linux & cpu=arm64 & libc=musl
  languageName: node
  linkType: hard

"lightningcss-linux-arm64-musl@npm:1.33.0":
  version: 1.33.0
  resolution: "lightningcss-linux-arm64-musl@npm:1.33.0"
  conditions: os=linux & cpu=arm64 & libc=musl
  languageName: node
  linkType: hard

"lightningcss-linux-x64-gnu@npm:1.32.0":
  version: 1.32.0
  resolution: "lightningcss-linux-x64-gnu@npm:1.32.0"
  conditions: os=linux & cpu=x64 & libc=glibc
  languageName: node
  linkType: hard

"lightningcss-linux-x64-gnu@npm:1.33.0":
  version: 1.33.0
  resolution: "lightningcss-linux-x64-gnu@npm:1.33.0"
  conditions: os=linux & cpu=x64 & libc=glibc
  languageName: node
  linkType: hard

"lightningcss-linux-x64-musl@npm:1.32.0":
  version: 1.32.0
  resolution: "lightningcss-linux-x64-musl@npm:1.32.0"
  conditions: os=linux & cpu=x64 & libc=musl
  languageName: node
  linkType: hard

"lightningcss-linux-x64-musl@npm:1.33.0":
  version: 1.33.0
  resolution: "lightningcss-linux-x64-musl@npm:1.33.0"
  conditions: os=linux & cpu=x64 & libc=musl
  languageName: node
  linkType: hard

"lightningcss-win32-arm64-msvc@npm:1.32.0":
  version: 1.32.0
  resolution: "lightningcss-win32-arm64-msvc@npm:1.32.0"
  conditions: os=win32 & cpu=arm64
  languageName: node
  linkType: hard

"lightningcss-win32-arm64-msvc@npm:1.33.0":
  version: 1.33.0
  resolution: "lightningcss-win32-arm64-msvc@npm:1.33.0"
  conditions: os=win32 & cpu=arm64
  languageName: node
  linkType: hard

"lightningcss-win32-x64-msvc@npm:1.32.0":
  version: 1.32.0
  resolution: "lightningcss-win32-x64-msvc@npm:1.32.0"
  conditions: os=win32 & cpu=x64
  languageName: node
  linkType: hard

"lightningcss-win32-x64-msvc@npm:1.33.0":
  version: 1.33.0
  resolution: "lightningcss-win32-x64-msvc@npm:1.33.0"
  conditions: os=win32 & cpu=x64
  languageName: node
  linkType: hard

"lightningcss@npm:1.32.0":
  version: 1.32.0
  resolution: "lightningcss@npm:1.32.0"
  dependencies:
    detect-libc: ^2.0.3
    lightningcss-android-arm64: 1.32.0
    lightningcss-darwin-arm64: 1.32.0
    lightningcss-darwin-x64: 1.32.0
    lightningcss-freebsd-x64: 1.32.0
    lightningcss-linux-arm-gnueabihf: 1.32.0
    lightningcss-linux-arm64-gnu: 1.32.0
    lightningcss-linux-arm64-musl: 1.32.0
    lightningcss-linux-x64-gnu: 1.32.0
    lightningcss-linux-x64-musl: 1.32.0
    lightningcss-win32-arm64-msvc: 1.32.0
    lightningcss-win32-x64-msvc: 1.32.0
  dependenciesMeta:
    lightningcss-android-arm64:
      optional: true
    lightningcss-darwin-arm64:
      optional: true
    lightningcss-darwin-x64:
      optional: true
    lightningcss-freebsd-x64:
      optional: true
    lightningcss-linux-arm-gnueabihf:
      optional: true
    lightningcss-linux-arm64-gnu:
      optional: true
    lightningcss-linux-arm64-musl:
      optional: true
    lightningcss-linux-x64-gnu:
      optional: true
    lightningcss-linux-x64-musl:
      optional: true
    lightningcss-win32-arm64-msvc:
      optional: true
    lightningcss-win32-x64-msvc:
      optional: true
  checksum: 27adc4288cea141019c7bc010e0b10c7af9140348014273281d8474a5259dc02a00475aeee947dfcc6fbacc95b0d3fb7e7b32319e7d64df08ca1c85119ea75f6
  languageName: node
  linkType: hard

"lightningcss@npm:^1.33.0":
  version: 1.33.0
  resolution: "lightningcss@npm:1.33.0"
  dependencies:
    detect-libc: ^2.0.3
    lightningcss-android-arm64: 1.33.0
    lightningcss-darwin-arm64: 1.33.0
    lightningcss-darwin-x64: 1.33.0
    lightningcss-freebsd-x64: 1.33.0
    lightningcss-linux-arm-gnueabihf: 1.33.0
    lightningcss-linux-arm64-gnu: 1.33.0
    lightningcss-linux-arm64-musl: 1.33.0
    lightningcss-linux-x64-gnu: 1.33.0
    lightningcss-linux-x64-musl: 1.33.0
    lightningcss-win32-arm64-msvc: 1.33.0
    lightningcss-win32-x64-msvc: 1.33.0
  dependenciesMeta:
    lightningcss-android-arm64:
      optional: true
    lightningcss-darwin-arm64:
      optional: true
    lightningcss-darwin-x64:
      optional: true
    lightningcss-freebsd-x64:
      optional: true
    lightningcss-linux-arm-gnueabihf:
      optional: true
    lightningcss-linux-arm64-gnu:
      optional: true
    lightningcss-linux-arm64-musl:
      optional: true
    lightningcss-linux-x64-gnu:
      optional: true
    lightningcss-linux-x64-musl:
      optional: true
    lightningcss-win32-arm64-msvc:
      optional: true
    lightningcss-win32-x64-msvc:
      optional: true
  checksum: abc78c1ce931b10da1168cfbe0a3539bcc164fca23f9fa909d06546ea6f6f874ec5008644b7031aebab061be276620e0821983745ae586931b4f563942a64da3
  languageName: node
  linkType: hard

"magic-string@npm:^0.30.21":
  version: 0.30.21
  resolution: "magic-string@npm:0.30.21"
  dependencies:
    "@jridgewell/sourcemap-codec": ^1.5.5
  checksum: 4ff76a4e8d439431cf49f039658751ed351962d044e5955adc257489569bd676019c906b631f86319217689d04815d7d064ee3ff08ab82ae65b7655a7e82a414
  languageName: node
  linkType: hard

"minipass@npm:^7.0.4, minipass@npm:^7.1.2":
  version: 7.1.3
  resolution: "minipass@npm:7.1.3"
  checksum: 2ede17c0bf8fec499be3360fd07f0ec7666189e3907320a9b653f1530cf84af98928c5b12d80bfb75f321833bf2e97785b940540213ebdafe97a5f10327e664d
  languageName: node
  linkType: hard

"minizlib@npm:^3.1.0":
  version: 3.1.0
  resolution: "minizlib@npm:3.1.0"
  dependencies:
    minipass: ^7.1.2
  checksum: a15e6f0128f514b7d41a1c68ce531155447f4669e32d279bba1c1c071ef6c2abd7e4d4579bb59ccc2ed1531346749665968fdd7be8d83eb6b6ae2fe1f3d370a7
  languageName: node
  linkType: hard

"nanoid@npm:^3.3.17":
  version: 3.3.18
  resolution: "nanoid@npm:3.3.18"
  bin:
    nanoid: bin/nanoid.cjs
  checksum: db804317d337b41602666f23014e399d1263033d13a903955c246378256fd4e002519e87199ca40b19aff52274965ac7cc6e70c13a63e194e15c4664724602d3
  languageName: node
  linkType: hard

"node-gyp@npm:latest":
  version: 13.0.2
  resolution: "node-gyp@npm:13.0.2"
  dependencies:
    env-paths: ^2.2.0
    exponential-backoff: ^3.1.1
    graceful-fs: ^4.2.6
    nopt: ^10.0.0
    proc-log: ^7.0.0
    semver: ^7.3.5
    tar: ^7.5.4
    tinyglobby: ^0.2.12
    undici: ^8.4.1
    which: ^7.0.0
  bin:
    node-gyp: bin/node-gyp.js
  checksum: 08acf4dd37b725a5b87a924597e8eabecc35691991e651c54641224b2daa63619fbcbffc0da8ad19aabed1b9906bdb4d0acf47cfd70f25c5c050423e940cd161
  languageName: node
  linkType: hard

"nopt@npm:^10.0.0":
  version: 10.0.1
  resolution: "nopt@npm:10.0.1"
  dependencies:
    abbrev: ^5.0.0
  bin:
    nopt: bin/nopt.js
  checksum: c2903b9171a3293b731189ace4eaeacc2ed8191bb8f8f74ebfb61babc0de2ff158d97a215fd561070ed0dac567f3b8741955f81a534009e57eb37fdc419d5d4e
  languageName: node
  linkType: hard

"oxlint@npm:^1.79.0":
  version: 1.80.0
  resolution: "oxlint@npm:1.80.0"
  dependencies:
    "@oxlint/binding-android-arm-eabi": 1.80.0
    "@oxlint/binding-android-arm64": 1.80.0
    "@oxlint/binding-darwin-arm64": 1.80.0
    "@oxlint/binding-darwin-x64": 1.80.0
    "@oxlint/binding-freebsd-x64": 1.80.0
    "@oxlint/binding-linux-arm-gnueabihf": 1.80.0
    "@oxlint/binding-linux-arm-musleabihf": 1.80.0
    "@oxlint/binding-linux-arm64-gnu": 1.80.0
    "@oxlint/binding-linux-arm64-musl": 1.80.0
    "@oxlint/binding-linux-ppc64-gnu": 1.80.0
    "@oxlint/binding-linux-riscv64-gnu": 1.80.0
    "@oxlint/binding-linux-riscv64-musl": 1.80.0
    "@oxlint/binding-linux-s390x-gnu": 1.80.0
    "@oxlint/binding-linux-x64-gnu": 1.80.0
    "@oxlint/binding-linux-x64-musl": 1.80.0
    "@oxlint/binding-openharmony-arm64": 1.80.0
    "@oxlint/binding-win32-arm64-msvc": 1.80.0
    "@oxlint/binding-win32-ia32-msvc": 1.80.0
    "@oxlint/binding-win32-x64-msvc": 1.80.0
  peerDependencies:
    oxlint-tsgolint: ">=7.0.2001"
    vite-plus: "*"
  dependenciesMeta:
    "@oxlint/binding-android-arm-eabi":
      optional: true
    "@oxlint/binding-android-arm64":
      optional: true
    "@oxlint/binding-darwin-arm64":
      optional: true
    "@oxlint/binding-darwin-x64":
      optional: true
    "@oxlint/binding-freebsd-x64":
      optional: true
    "@oxlint/binding-linux-arm-gnueabihf":
      optional: true
    "@oxlint/binding-linux-arm-musleabihf":
      optional: true
    "@oxlint/binding-linux-arm64-gnu":
      optional: true
    "@oxlint/binding-linux-arm64-musl":
      optional: true
    "@oxlint/binding-linux-ppc64-gnu":
      optional: true
    "@oxlint/binding-linux-riscv64-gnu":
      optional: true
    "@oxlint/binding-linux-riscv64-musl":
      optional: true
    "@oxlint/binding-linux-s390x-gnu":
      optional: true
    "@oxlint/binding-linux-x64-gnu":
      optional: true
    "@oxlint/binding-linux-x64-musl":
      optional: true
    "@oxlint/binding-openharmony-arm64":
      optional: true
    "@oxlint/binding-win32-arm64-msvc":
      optional: true
    "@oxlint/binding-win32-ia32-msvc":
      optional: true
    "@oxlint/binding-win32-x64-msvc":
      optional: true
  peerDependenciesMeta:
    oxlint-tsgolint:
      optional: true
    vite-plus:
      optional: true
  bin:
    oxlint: bin/oxlint
  checksum: 2ddd049934162462385ac357b4fa9271eb614b425af6fe3f2f0a7db3c619db88da8e8fd217dd937635e41b23c8a3c5983d9760bab6653a47f9ebe8be82d63a5a
  languageName: node
  linkType: hard

"picocolors@npm:^1.1.1":
  version: 1.1.1
  resolution: "picocolors@npm:1.1.1"
  checksum: e1cf46bf84886c79055fdfa9dcb3e4711ad259949e3565154b004b260cd356c5d54b31a1437ce9782624bf766272fe6b0154f5f0c744fb7af5d454d2b60db045
  languageName: node
  linkType: hard

"picomatch@npm:^4.0.4, picomatch@npm:^4.0.5":
  version: 4.0.7
  resolution: "picomatch@npm:4.0.7"
  checksum: a97edd7659fc7f39769734bcacd8e9c2f8711d0c30f0caf143577c4d59b3338e17e884ead92805701c71d54040067909e8d3dd45ed814fc8af154ca747fb06a4
  languageName: node
  linkType: hard

"postcss@npm:^8.5.26":
  version: 8.5.26
  resolution: "postcss@npm:8.5.26"
  dependencies:
    nanoid: ^3.3.17
    picocolors: ^1.1.1
    source-map-js: ^1.2.1
  checksum: 719b1acd7db117cffa1514a6ed47e71ba4159ebddd1be2616b65dc1580a6bb9289abb8a78d26e08b45ab5a03277662483a6413e4b08325df0260831f4c2bc11b
  languageName: node
  linkType: hard

"premier_league_table_bet@workspace:.":
  version: 0.0.0-use.local
  resolution: "premier_league_table_bet@workspace:."
  dependencies:
    "@tailwindcss/vite": ^4.3.3
    "@types/node": ^24.13.3
    "@types/react": ^19.2.18
    "@types/react-dom": ^19.2.4
    "@vitejs/plugin-react": ^6.1.0
    oxlint: ^1.79.0
    react: ^19.2.8
    react-dom: ^19.2.8
    tailwindcss: ^4.3.3
    typescript: ~6.0.2
    vite: ^8.2.2
  languageName: unknown
  linkType: soft

"proc-log@npm:^7.0.0":
  version: 7.0.0
  resolution: "proc-log@npm:7.0.0"
  checksum: ded2e976dbfa428777496158db93efdd27523ce17cf7eae0e87c6dbba0f30bb46bbe6409ccdcf5ecea7bdea864ed409afc3b5c60b79f008d42dff79fdd481c27
  languageName: node
  linkType: hard

"react-dom@npm:^19.2.8":
  version: 19.2.8
  resolution: "react-dom@npm:19.2.8"
  dependencies:
    scheduler: ^0.27.0
  peerDependencies:
    react: ^19.2.8
  checksum: cef5d9493f911f20da5648bbd44a27e7e2e96868be4ed0a6a650499b19d74156d35e8c2eee9c075a2cbce59ef3da483cb55113f2941c1bc17fd005ffa92d7084
  languageName: node
  linkType: hard

"react@npm:^19.2.8":
  version: 19.2.8
  resolution: "react@npm:19.2.8"
  checksum: cdedb4786eb3eb79c8fbaa6df299de61ecd9e1cd4c7cd52213b5af7a98c67d532fd6b14b9d546ae5851f3962437aec22ad17ee6e8e0450de11c595300c5e5bd7
  languageName: node
  linkType: hard

"rolldown@npm:~1.2.4":
  version: 1.2.6
  resolution: "rolldown@npm:1.2.6"
  dependencies:
    "@oxc-project/types": =0.147.0
    "@rolldown/binding-android-arm-eabi": 1.2.6
    "@rolldown/binding-android-arm64": 1.2.6
    "@rolldown/binding-darwin-arm64": 1.2.6
    "@rolldown/binding-darwin-x64": 1.2.6
    "@rolldown/binding-freebsd-x64": 1.2.6
    "@rolldown/binding-linux-arm-gnueabihf": 1.2.6
    "@rolldown/binding-linux-arm64-gnu": 1.2.6
    "@rolldown/binding-linux-arm64-musl": 1.2.6
    "@rolldown/binding-linux-ppc64-gnu": 1.2.6
    "@rolldown/binding-linux-s390x-gnu": 1.2.6
    "@rolldown/binding-linux-x64-gnu": 1.2.6
    "@rolldown/binding-linux-x64-musl": 1.2.6
    "@rolldown/binding-openharmony-arm64": 1.2.6
    "@rolldown/binding-win32-arm64-msvc": 1.2.6
    "@rolldown/binding-win32-x64-msvc": 1.2.6
    "@rolldown/pluginutils": ^1.0.0
  dependenciesMeta:
    "@rolldown/binding-android-arm-eabi":
      optional: true
    "@rolldown/binding-android-arm64":
      optional: true
    "@rolldown/binding-darwin-arm64":
      optional: true
    "@rolldown/binding-darwin-x64":
      optional: true
    "@rolldown/binding-freebsd-x64":
      optional: true
    "@rolldown/binding-linux-arm-gnueabihf":
      optional: true
    "@rolldown/binding-linux-arm64-gnu":
      optional: true
    "@rolldown/binding-linux-arm64-musl":
      optional: true
    "@rolldown/binding-linux-ppc64-gnu":
      optional: true
    "@rolldown/binding-linux-s390x-gnu":
      optional: true
    "@rolldown/binding-linux-x64-gnu":
      optional: true
    "@rolldown/binding-linux-x64-musl":
      optional: true
    "@rolldown/binding-openharmony-arm64":
      optional: true
    "@rolldown/binding-win32-arm64-msvc":
      optional: true
    "@rolldown/binding-win32-x64-msvc":
      optional: true
  bin:
    rolldown: ./bin/cli.mjs
  checksum: a33df67fbf6c5bd5a50a7baae3e945a8f1413307a4e110f2ac17b2ebebe453799fe90cb68cbb5cb6f50f9d3854dd40d7783b44ef0e09d2f35173859874c24f82
  languageName: node
  linkType: hard

"scheduler@npm:^0.27.0":
  version: 0.27.0
  resolution: "scheduler@npm:0.27.0"
  checksum: 92644ead0a9443e20f9d24132fe93675b156209b9eeb35ea245f8a86768d0cc0fcca56f341eeef21d9b6dd8e72d6d5e260eb5a41d34b05cd605dd45a29f572ef
  languageName: node
  linkType: hard

"semver@npm:^7.3.5":
  version: 7.8.5
  resolution: "semver@npm:7.8.5"
  bin:
    semver: bin/semver.js
  checksum: 0c580f17e88e2b45806dc5cf3d824f719c946999d3554bf30307c2b68b3300ab3c8bfcd84d8f489b93b4cbb5362f5fc8de4d2858954f18d834253c4450fc9f6b
  languageName: node
  linkType: hard

"source-map-js@npm:^1.2.1":
  version: 1.2.1
  resolution: "source-map-js@npm:1.2.1"
  checksum: 4eb0cd997cdf228bc253bcaff9340afeb706176e64868ecd20efbe6efea931465f43955612346d6b7318789e5265bdc419bc7669c1cebe3db0eb255f57efa76b
  languageName: node
  linkType: hard

"tailwindcss@npm:4.3.3, tailwindcss@npm:^4.3.3":
  version: 4.3.3
  resolution: "tailwindcss@npm:4.3.3"
  checksum: 26ed481f922a700e9f7b48de29d7d6ad07d1457a475d14391f9fca676b72e1aded478a60640e4104e8b04508659af0141f6ffbb14fe482eac7d418c511c7fa08
  languageName: node
  linkType: hard

"tapable@npm:^2.3.3":
  version: 2.3.3
  resolution: "tapable@npm:2.3.3"
  checksum: 6f37a59e82a2daedd0fbfc231f6e6004389a9d4bcf8ab8f2d61f96f9f4fd4cbb087799627c5d644d75f518df2abbbc9b9ac699945e0c9a0c610f2a3ca92e0265
  languageName: node
  linkType: hard

"tar@npm:^7.5.4":
  version: 7.5.22
  resolution: "tar@npm:7.5.22"
  dependencies:
    "@isaacs/fs-minipass": ^4.0.0
    chownr: ^3.0.0
    minipass: ^7.1.2
    minizlib: ^3.1.0
    yallist: ^5.0.0
  checksum: e1434f40954410d191ab6d89017bfd40c24869cfd319d19dd74f84db13cbea15370a22bc9b8ecd699d05c2777ec6297f35dac318ed4829b6e776a7cb4f1f7c68
  languageName: node
  linkType: hard

"tinyglobby@npm:^0.2.12, tinyglobby@npm:^0.2.17":
  version: 0.2.17
  resolution: "tinyglobby@npm:0.2.17"
  dependencies:
    fdir: ^6.5.0
    picomatch: ^4.0.4
  checksum: 041e73eae568152c376551b21b8a27909d474166a8f405cdb0345991c50cf6afd0f878d7a387645d9c05d8ea2c9a55cc2fd2cfe6c5d5a5264770972b1adcad86
  languageName: node
  linkType: hard

"tslib@npm:^2.4.0, tslib@npm:^2.8.1":
  version: 2.8.1
  resolution: "tslib@npm:2.8.1"
  checksum: e4aba30e632b8c8902b47587fd13345e2827fa639e7c3121074d5ee0880723282411a8838f830b55100cbe4517672f84a2472667d355b81e8af165a55dc6203a
  languageName: node
  linkType: hard

"typescript@npm:~6.0.2":
  version: 6.0.3
  resolution: "typescript@npm:6.0.3"
  bin:
    tsc: bin/tsc
    tsserver: bin/tsserver
  checksum: c1182dfadf8a8cb22a4e32442715afef1af1b950ae635b1c52c27e0d7fb7a5e2607ed7c7c4079bba4163579250e02445fd8d46b09cbceda71ff72a5b7d69db61
  languageName: node
  linkType: hard

"typescript@patch:typescript@~6.0.2#~builtin<compat/typescript>":
  version: 6.0.3
  resolution: "typescript@patch:typescript@npm%3A6.0.3#~builtin<compat/typescript>::version=6.0.3&hash=85af82"
  bin:
    tsc: bin/tsc
    tsserver: bin/tsserver
  checksum: 8ed159a81ab4901a620c19fda539632cee610f8ec34dde57a3acc6b6df72894ad0b50bdd1946b763313d9b73dedb019d2e81c03eff06c0f2c785cde30a537d15
  languageName: node
  linkType: hard

"undici-types@npm:~7.18.0":
  version: 7.18.2
  resolution: "undici-types@npm:7.18.2"
  checksum: 23da306c8366574adec305b06a8519ab5c7d09e3f5d16c1a98709a34fae17da09ec95198f30f86c00055e02efa8bfcc843e84e8aebeb9b8d6bb3e06afccae07a
  languageName: node
  linkType: hard

"undici@npm:^8.4.1":
  version: 8.10.1
  resolution: "undici@npm:8.10.1"
  checksum: a10318e87a574579c4079f087016a01973f976aad411ae3f4a30596778fb98cb84179e5155879a8673afb7c0acc99d76960c7e709503f35e2745d4215af1edf6
  languageName: node
  linkType: hard

"vite@npm:^8.2.2":
  version: 8.2.2
  resolution: "vite@npm:8.2.2"
  dependencies:
    fsevents: ~2.3.3
    lightningcss: ^1.33.0
    picomatch: ^4.0.5
    postcss: ^8.5.26
    rolldown: ~1.2.4
    tinyglobby: ^0.2.17
  peerDependencies:
    "@types/node": ^20.19.0 || >=22.12.0
    "@vitejs/devtools": ^0.4.0 || ^0.5.0
    esbuild: ^0.27.0 || ^0.28.0
    jiti: ">=1.21.0"
    less: ^4.0.0
    sass: ^1.70.0
    sass-embedded: ^1.70.0
    stylus: ">=0.54.8"
    sugarss: ^5.0.0
    terser: ^5.16.0
    tsx: ^4.8.1
    yaml: ^2.4.2
  dependenciesMeta:
    fsevents:
      optional: true
  peerDependenciesMeta:
    "@types/node":
      optional: true
    "@vitejs/devtools":
      optional: true
    esbuild:
      optional: true
    jiti:
      optional: true
    less:
      optional: true
    sass:
      optional: true
    sass-embedded:
      optional: true
    stylus:
      optional: true
    sugarss:
      optional: true
    terser:
      optional: true
    tsx:
      optional: true
    yaml:
      optional: true
  bin:
    vite: bin/vite.js
  checksum: 4fc9106d06a003f7815290747c7938038e6035fe3332bf4ee3de855a5b0e82d0e5d77645a05b6d566420dde1dfcfa83db7c41f145d1c4fda8f8000d77e6c9ed5
  languageName: node
  linkType: hard

"which@npm:^7.0.0":
  version: 7.0.0
  resolution: "which@npm:7.0.0"
  dependencies:
    isexe: ^4.0.0
  bin:
    node-which: bin/which.js
  checksum: 913a43ac10df37602ba9795a004dd7ab12ba7dd592aca1f08ec333be1fdd6a49bbf119a88c3f8d0ea70eeb6251726e77069251424d73000299a0a840ed000732
  languageName: node
  linkType: hard

"yallist@npm:^5.0.0":
  version: 5.0.0
  resolution: "yallist@npm:5.0.0"
  checksum: eba51182400b9f35b017daa7f419f434424410691bbc5de4f4240cc830fdef906b504424992700dc047f16b4d99100a6f8b8b11175c193f38008e9c96322b6a5
  languageName: node
  linkType: hard
